
Microsoft Visual Studio Solution File, Format Version 12.00
Project("{FAE04EC0-301F-11D3-BF4B-00C04F79EFBC}") = "EmployeeManagementApi", "EmployeeManagementApi\EmployeeManagementApi.csproj", "{939B7A0B-EC32-40E9-9197-23F567EBE95F}"
EndProject
Global
	GlobalSection(SolutionConfigurationPlatforms) = preSolution
		Debug|Any CPU = Debug|Any CPU
		Release|Any CPU = Release|Any CPU
	EndGlobalSection
	GlobalSection(ProjectConfigurationPlatforms) = postSolution
		{939B7A0B-EC32-40E9-9197-23F567EBE95F}.Debug|Any CPU.ActiveCfg = Debug|Any CPU
		{939B7A0B-EC32-40E9-9197-23F567EBE95F}.Debug|Any CPU.Build.0 = Debug|Any CPU
		{939B7A0B-EC32-40E9-9197-23F567EBE95F}.Release|Any CPU.ActiveCfg = Release|Any CPU
		{939B7A0B-EC32-40E9-9197-23F567EBE95F}.Release|Any CPU.Build.0 = Release|Any CPU
	EndGlobalSection
EndGlobal
